
Microsoft Visual Studio Solution File, Format Version 12.00
# Visual Studio Version 16
VisualStudioVersion = 16.0.29806.167
MinimumVisualStudioVersion = 10.0.40219.1
Project("{9A19103F-16F7-4668-BE54-9A1E7A4F7556}") = "ChatFlow.Dialog.Api", "ChatFlow.Dialog.Api\ChatFlow.Dialog.Api.csproj", "{A7DD40FC-98F9-4290-A2CF-BD1B0D1520E1}"
EndProject
Project("{9A19103F-16F7-4668-BE54-9A1E7A4F7556}") = "ChatFlow.Dialog.Domain", "ChatFlow.Dialog.Domain\ChatFlow.Dialog.Domain.csproj", "{FC9BC494-31E6-44AB-B270-2BFA5BE52261}"
EndProject
Project("{FAE04EC0-301F-11D3-BF4B-00C04F79EFBC}") = "ChatFlow.Dialog.Tests", "ChatFlow.Dialog.Tests\ChatFlow.Dialog.Tests.csproj", "{E780C6BC-5AE4-44EA-83DA-C71E8EC3E205}"
EndProject
Global
	GlobalSection(SolutionConfigurationPlatforms) = preSolution
		Debug|Any CPU = Debug|Any CPU
		Release|Any CPU = Release|Any CPU
	EndGlobalSection
	GlobalSection(ProjectConfigurationPlatforms) = postSolution
		{A7DD40FC-98F9-4290-A2CF-BD1B0D1520E1}.Debug|Any CPU.ActiveCfg = Debug|Any CPU
		{A7DD40FC-98F9-4290-A2CF-BD1B0D1520E1}.Debug|Any CPU.Build.0 = Debug|Any CPU
		{A7DD40FC-98F9-4290-A2CF-BD1B0D1520E1}.Release|Any CPU.ActiveCfg = Release|Any CPU
		{A7DD40FC-98F9-4290-A2CF-BD1B0D1520E1}.Release|Any CPU.Build.0 = Release|Any CPU
		{FC9BC494-31E6-44AB-B270-2BFA5BE52261}.Debug|Any CPU.ActiveCfg = Debug|Any CPU
		{FC9BC494-31E6-44AB-B270-2BFA5BE52261}.Debug|Any CPU.Build.0 = Debug|Any CPU
		{FC9BC494-31E6-44AB-B270-2BFA5BE52261}.Release|Any CPU.ActiveCfg = Release|Any CPU
		{FC9BC494-31E6-44AB-B270-2BFA5BE52261}.Release|Any CPU.Build.0 = Release|Any CPU
		{E780C6BC-5AE4-44EA-83DA-C71E8EC3E205}.Debug|Any CPU.ActiveCfg = Debug|Any CPU
		{E780C6BC-5AE4-44EA-83DA-C71E8EC3E205}.Debug|Any CPU.Build.0 = Debug|Any CPU
		{E780C6BC-5AE4-44EA-83DA-C71E8EC3E205}.Release|Any CPU.ActiveCfg = Release|Any CPU
		{E780C6BC-5AE4-44EA-83DA-C71E8EC3E205}.Release|Any CPU.Build.0 = Release|Any CPU
	EndGlobalSection
	GlobalSection(SolutionProperties) = preSolution
		HideSolutionNode = FALSE
	EndGlobalSection
	GlobalSection(ExtensibilityGlobals) = postSolution
		SolutionGuid = {909FD786-4766-48A2-826E-C570A1CEA634}
	EndGlobalSection
EndGlobal
